{
    "_meta": {
        "hash": {
            "sha256": "90c55f8ed2189ef4c143291920d1ef2ec8f97a9d270260358bc169dc5656a913"
        },
        "pipfile-spec": 6,
        "requires": {
            "python_version": "3.11"
        },
        "sources": [
            {
                "name": "pypi",
                "url": "https://pypi.org/simple",
                "verify_ssl": true
            }
        ]
    },
    "default": {
        "anyio": {
            "hashes": [
                "sha256:048e05d0f6caeed70d731f3db756d35dcc1f35747c8c403364a8332c630441b8",
                "sha256:f75253795a87df48568485fd18cdd2a3fa5c4f7c5be8e5e36637733fce06fed6"
            ],
            "markers": "python_version >= '3.8'",
            "version": "==4.3.0"
        },
        "certifi": {
            "hashes": [
                "sha256:0569859f95fc761b18b45ef421b1290a0f65f147e92a1e5eb3e635f9a5e4e66f",
                "sha256:dc383c07b76109f368f6106eee2b593b04a011ea4d55f652c6ca24a754d1cdd1"
            ],
            "markers": "python_version >= '3.6'",
            "version": "==2024.2.2"
        },
        "h11": {
            "hashes": [
                "sha256:8f19fbbe99e72420ff35c00b27a34cb9937e902a8b810e2c88300c6f0a3b699d",
                "sha256:e3fe4ac4b851c468cc8363d500db52c2ead036020723024a109d37346efaa761"
            ],
            "markers": "python_version >= '3.7'",
            "version": "==0.14.0"
        },
        "httpcore": {
            "hashes": [
                "sha256:34a38e2f9291467ee3b44e89dd52615370e152954ba21721378a87b2960f7a61",
                "sha256:421f18bac248b25d310f3cacd198d55b8e6125c107797b609ff9b7a6ba7991b5"
            ],
            "markers": "python_version >= '3.8'",
            "version": "==1.0.5"
        },
        "httpx": {
            "hashes": [
                "sha256:71d5465162c13681bff01ad59b2cc68dd838ea1f10e51574bac27103f00c91a5",
                "sha256:a0cb88a46f32dc874e04ee956e4c2764aba2aa228f650b06788ba6bda2962ab5"
            ],
            "markers": "python_version >= '3.8'",
            "version": "==0.27.0"
        },
        "idna": {
            "hashes": [
                "sha256:028ff3aadf0609c1fd278d8ea3089299412a7a8b9bd005dd08b9f8285bcb5cfc",
                "sha256:82fee1fc78add43492d3a1898bfa6d8a904cc97d8427f683ed8e798d07761aa0"
            ],
            "markers": "python_version >= '3.5'",
            "version": "==3.7"
        },
        "ollama": {
            "hashes": [
                "sha256:46d4b4028ac5cbb30a8128ba60967171fbb523c25c832c0f3f090989e5441033",
                "sha256:f64484b280db0fa03fb899580d8a3a85af3787fd2a85b67669b743e313b3faf1"
            ],
            "index": "pypi",
            "markers": "python_version >= '3.8' and python_version < '4.0'",
            "version": "==0.1.9"
        },
        "sniffio": {
            "hashes": [
                "sha256:2f6da418d1f1e0fddd844478f41680e794e6051915791a034ff65e5f100525a2",
                "sha256:f4324edc670a0f49750a81b895f35c3adb843cca46f0530f79fc1babb23789dc"
            ],
            "markers": "python_version >= '3.7'",
            "version": "==1.3.1"
        }
    },
    "develop": {}
}
